
Microsoft Visual Studio Solution File, Format Version 12.00
# Visual Studio 14
VisualStudioVersion = 14.0.23107.0
MinimumVisualStudioVersion = 10.0.40219.1
Project("{F184B08F-C81C-45F6-A57F-5ABD9991F28F}") = "voice", "voice\voice.vbproj", "{0AF7D94E-0E53-4019-A905-6C67CD43FD2C}"
EndProject
Project("{911E67C6-3D85-4FCE-B560-20A9C3E3FF48}") = "login form", "..\login form\login form\bin\Debug\login form.exe", "{C37086F1-8EF4-4751-8B45-2B74E5F75616}"
	ProjectSection(DebuggerProjectSystem) = preProject
		PortSupplier = 00000000-0000-0000-0000-000000000000
		Executable = C:\Users\AK\Desktop\My VB.NET PROJECTS\login form\login form\bin\Debug\login form.exe
		RemoteMachine = ASHISH
		StartingDirectory = C:\Users\AK\Desktop\My VB.NET PROJECTS\login form\login form\bin\Debug
		Environment = Default
		LaunchingEngine = 00000000-0000-0000-0000-000000000000
		UseLegacyDebugEngines = No
		LaunchSQLEngine = No
		AttachLaunchAction = No
	EndProjectSection
EndProject
Global
	GlobalSection(SolutionConfigurationPlatforms) = preSolution
		Debug|Any CPU = Debug|Any CPU
		Release|Any CPU = Release|Any CPU
	EndGlobalSection
	GlobalSection(ProjectConfigurationPlatforms) = postSolution
		{0AF7D94E-0E53-4019-A905-6C67CD43FD2C}.Debug|Any CPU.ActiveCfg = Debug|Any CPU
		{0AF7D94E-0E53-4019-A905-6C67CD43FD2C}.Debug|Any CPU.Build.0 = Debug|Any CPU
		{0AF7D94E-0E53-4019-A905-6C67CD43FD2C}.Release|Any CPU.ActiveCfg = Release|Any CPU
		{0AF7D94E-0E53-4019-A905-6C67CD43FD2C}.Release|Any CPU.Build.0 = Release|Any CPU
		{C37086F1-8EF4-4751-8B45-2B74E5F75616}.Debug|Any CPU.ActiveCfg = Release|Any CPU
		{C37086F1-8EF4-4751-8B45-2B74E5F75616}.Release|Any CPU.ActiveCfg = Release|Any CPU
	EndGlobalSection
	GlobalSection(SolutionProperties) = preSolution
		HideSolutionNode = FALSE
	EndGlobalSection
EndGlobal
